// !$*UTF8*$!
{
	archiveVersion = 1;
	classes = {
	};
	objectVersion = 55;
	objects = {

/* Begin PBXBuildFile section */
		DE107F8B27DBCE98004C66DB /* AppDelegate.swift in Sources */ = {isa = PBXBuildFile; fileRef = DE107F8A27DBCE98004C66DB /* AppDelegate.swift */; };
		DE107F8F27DBCE98004C66DB /* SearchViewController.swift in Sources */ = {isa = PBXBuildFile; fileRef = DE107F8E27DBCE98004C66DB /* SearchViewController.swift */; };
		DE107F9427DBCE9B004C66DB /* Assets.xcassets in Resources */ = {isa = PBXBuildFile; fileRef = DE107F9327DBCE9B004C66DB /* Assets.xcassets */; };
		DE107F9727DBCE9B004C66DB /* LaunchScreen.storyboard in Resources */ = {isa = PBXBuildFile; fileRef = DE107F9527DBCE9B004C66DB /* LaunchScreen.storyboard */; };
		DE107FC027DBD013004C66DB /* SearchViewModel.swift in Sources */ = {isa = PBXBuildFile; fileRef = DE107FBF27DBD013004C66DB /* SearchViewModel.swift */; };
		DE107FC227DBD030004C66DB /* SearchRouter.swift in Sources */ = {isa = PBXBuildFile; fileRef = DE107FC127DBD030004C66DB /* SearchRouter.swift */; };
		DE107FC427DBD093004C66DB /* ImagesViewController.swift in Sources */ = {isa = PBXBuildFile; fileRef = DE107FC327DBD093004C66DB /* ImagesViewController.swift */; };
		DE107FC627DBD09D004C66DB /* ImagesViewModel.swift in Sources */ = {isa = PBXBuildFile; fileRef = DE107FC527DBD09D004C66DB /* ImagesViewModel.swift */; };
		DE107FC827DBD0AC004C66DB /* ImagesRouter.swift in Sources */ = {isa = PBXBuildFile; fileRef = DE107FC727DBD0AC004C66DB /* ImagesRouter.swift */; };
		DE107FCA27DCCB9E004C66DB /* SearchViewController.xib in Resources */ = {isa = PBXBuildFile; fileRef = DE107FC927DCCB9E004C66DB /* SearchViewController.xib */; };
		DE107FCC27DCDB68004C66DB /* Utils.swift in Sources */ = {isa = PBXBuildFile; fileRef = DE107FCB27DCDB68004C66DB /* Utils.swift */; };
		DE107FCE27DCDC56004C66DB /* NetworkManager.swift in Sources */ = {isa = PBXBuildFile; fileRef = DE107FCD27DCDC56004C66DB /* NetworkManager.swift */; };
		DE107FD227DCE9C5004C66DB /* UtilsTests.swift in Sources */ = {isa = PBXBuildFile; fileRef = DE107FD127DCE9C5004C66DB /* UtilsTests.swift */; };
		DE107FD527DCEE61004C66DB /* NetworkError.swift in Sources */ = {isa = PBXBuildFile; fileRef = DE107FD427DCEE61004C66DB /* NetworkError.swift */; };
		DE107FD727DCEEED004C66DB /* ErrorMessages.swift in Sources */ = {isa = PBXBuildFile; fileRef = DE107FD627DCEEED004C66DB /* ErrorMessages.swift */; };
		DE107FDA27DCF94C004C66DB /* QueueManager.swift in Sources */ = {isa = PBXBuildFile; fileRef = DE107FD927DCF94C004C66DB /* QueueManager.swift */; };
		DE107FDC27DCFA77004C66DB /* NetworkOperation.swift in Sources */ = {isa = PBXBuildFile; fileRef = DE107FDB27DCFA77004C66DB /* NetworkOperation.swift */; };
		DE107FE127DD0B61004C66DB /* SearchResults.swift in Sources */ = {isa = PBXBuildFile; fileRef = DE107FE027DD0B61004C66DB /* SearchResults.swift */; };
		DE107FE327DD0D17004C66DB /* Hit.swift in Sources */ = {isa = PBXBuildFile; fileRef = DE107FE227DD0D17004C66DB /* Hit.swift */; };
		DE107FEB27DD173F004C66DB /* SearchAPIOperation.swift in Sources */ = {isa = PBXBuildFile; fileRef = DE107FEA27DD173F004C66DB /* SearchAPIOperation.swift */; };
		DE107FEE27DD178C004C66DB /* SearchRepository.swift in Sources */ = {isa = PBXBuildFile; fileRef = DE107FED27DD178C004C66DB /* SearchRepository.swift */; };
		DE107FF127DD5679004C66DB /* ViewModel.swift in Sources */ = {isa = PBXBuildFile; fileRef = DE107FF027DD5679004C66DB /* ViewModel.swift */; };
		DE107FF427DD6910004C66DB /* SearchRepositoryTests.swift in Sources */ = {isa = PBXBuildFile; fileRef = DE107FF327DD6910004C66DB /* SearchRepositoryTests.swift */; };
		DE107FF727DD6C0C004C66DB /* FakeNetworkManager.swift in Sources */ = {isa = PBXBuildFile; fileRef = DE107FF627DD6C0C004C66DB /* FakeNetworkManager.swift */; };
		DE107FFA27DD7115004C66DB /* NetworkManagerTests.swift in Sources */ = {isa = PBXBuildFile; fileRef = DE107FF927DD7115004C66DB /* NetworkManagerTests.swift */; };
/* End PBXBuildFile section */

/* Begin PBXContainerItemProxy section */
		DE107F9E27DBCE9B004C66DB /* PBXContainerItemProxy */ = {
			isa = PBXContainerItemProxy;
			containerPortal = DE107F7F27DBCE98004C66DB /* Project object */;
			proxyType = 1;
			remoteGlobalIDString = DE107F8627DBCE98004C66DB;
			remoteInfo = CandySpaceIOSTechnicalTask;
		};
/* End PBXContainerItemProxy section */

/* Begin PBXFileReference section */
		DE107F8727DBCE98004C66DB /* CandySpaceIOSTechnicalTask.app */ = {isa = PBXFileReference; explicitFileType = wrapper.application; includeInIndex = 0; path = CandySpaceIOSTechnicalTask.app; sourceTree = BUILT_PRODUCTS_DIR; };
		DE107F8A27DBCE98004C66DB /* AppDelegate.swift */ = {isa = PBXFileReference; lastKnownFileType = sourcecode.swift; path = AppDelegate.swift; sourceTree = "<group>"; };
		DE107F8E27DBCE98004C66DB /* SearchViewController.swift */ = {isa = PBXFileReference; lastKnownFileType = sourcecode.swift; path = SearchViewController.swift; sourceTree = "<group>"; };
		DE107F9327DBCE9B004C66DB /* Assets.xcassets */ = {isa = PBXFileReference; lastKnownFileType = folder.assetcatalog; path = Assets.xcassets; sourceTree = "<group>"; };
		DE107F9627DBCE9B004C66DB /* Base */ = {isa = PBXFileReference; lastKnownFileType = file.storyboard; name = Base; path = Base.lproj/LaunchScreen.storyboard; sourceTree = "<group>"; };
		DE107F9827DBCE9B004C66DB /* Info.plist */ = {isa = PBXFileReference; lastKnownFileType = text.plist.xml; path = Info.plist; sourceTree = "<group>"; };
		DE107F9D27DBCE9B004C66DB /* CandySpaceIOSTechnicalTaskTests.xctest */ = {isa = PBXFileReference; explicitFileType = wrapper.cfbundle; includeInIndex = 0; path = CandySpaceIOSTechnicalTaskTests.xctest; sourceTree = BUILT_PRODUCTS_DIR; };
		DE107FBF27DBD013004C66DB /* SearchViewModel.swift */ = {isa = PBXFileReference; lastKnownFileType = sourcecode.swift; path = SearchViewModel.swift; sourceTree = "<group>"; };
		DE107FC127DBD030004C66DB /* SearchRouter.swift */ = {isa = PBXFileReference; lastKnownFileType = sourcecode.swift; path = SearchRouter.swift; sourceTree = "<group>"; };
		DE107FC327DBD093004C66DB /* ImagesViewController.swift */ = {isa = PBXFileReference; lastKnownFileType = sourcecode.swift; path = ImagesViewController.swift; sourceTree = "<group>"; };
		DE107FC527DBD09D004C66DB /* ImagesViewModel.swift */ = {isa = PBXFileReference; lastKnownFileType = sourcecode.swift; path = ImagesViewModel.swift; sourceTree = "<group>"; };
		DE107FC727DBD0AC004C66DB /* ImagesRouter.swift */ = {isa = PBXFileReference; lastKnownFileType = sourcecode.swift; path = ImagesRouter.swift; sourceTree = "<group>"; };
		DE107FC927DCCB9E004C66DB /* SearchViewController.xib */ = {isa = PBXFileReference; lastKnownFileType = file.xib; path = SearchViewController.xib; sourceTree = "<group>"; };
		DE107FCB27DCDB68004C66DB /* Utils.swift */ = {isa = PBXFileReference; lastKnownFileType = sourcecode.swift; path = Utils.swift; sourceTree = "<group>"; };
		DE107FCD27DCDC56004C66DB /* NetworkManager.swift */ = {isa = PBXFileReference; lastKnownFileType = sourcecode.swift; path = NetworkManager.swift; sourceTree = "<group>"; };
		DE107FD127DCE9C5004C66DB /* UtilsTests.swift */ = {isa = PBXFileReference; lastKnownFileType = sourcecode.swift; path = UtilsTests.swift; sourceTree = "<group>"; };
		DE107FD427DCEE61004C66DB /* NetworkError.swift */ = {isa = PBXFileReference; lastKnownFileType = sourcecode.swift; path = NetworkError.swift; sourceTree = "<group>"; };
		DE107FD627DCEEED004C66DB /* ErrorMessages.swift */ = {isa = PBXFileReference; lastKnownFileType = sourcecode.swift; path = ErrorMessages.swift; sourceTree = "<group>"; };
		DE107FD927DCF94C004C66DB /* QueueManager.swift */ = {isa = PBXFileReference; lastKnownFileType = sourcecode.swift; path = QueueManager.swift; sourceTree = "<group>"; };
		DE107FDB27DCFA77004C66DB /* NetworkOperation.swift */ = {isa = PBXFileReference; lastKnownFileType = sourcecode.swift; path = NetworkOperation.swift; sourceTree = "<group>"; };
		DE107FE027DD0B61004C66DB /* SearchResults.swift */ = {isa = PBXFileReference; lastKnownFileType = sourcecode.swift; path = SearchResults.swift; sourceTree = "<group>"; };
		DE107FE227DD0D17004C66DB /* Hit.swift */ = {isa = PBXFileReference; lastKnownFileType = sourcecode.swift; path = Hit.swift; sourceTree = "<group>"; };
		DE107FEA27DD173F004C66DB /* SearchAPIOperation.swift */ = {isa = PBXFileReference; fileEncoding = 4; lastKnownFileType = sourcecode.swift; path = SearchAPIOperation.swift; sourceTree = "<group>"; };
		DE107FED27DD178C004C66DB /* SearchRepository.swift */ = {isa = PBXFileReference; lastKnownFileType = sourcecode.swift; path = SearchRepository.swift; sourceTree = "<group>"; };
		DE107FF027DD5679004C66DB /* ViewModel.swift */ = {isa = PBXFileReference; lastKnownFileType = sourcecode.swift; path = ViewModel.swift; sourceTree = "<group>"; };
		DE107FF327DD6910004C66DB /* SearchRepositoryTests.swift */ = {isa = PBXFileReference; lastKnownFileType = sourcecode.swift; path = SearchRepositoryTests.swift; sourceTree = "<group>"; };
		DE107FF627DD6C0C004C66DB /* FakeNetworkManager.swift */ = {isa = PBXFileReference; lastKnownFileType = sourcecode.swift; path = FakeNetworkManager.swift; sourceTree = "<group>"; };
		DE107FF927DD7115004C66DB /* NetworkManagerTests.swift */ = {isa = PBXFileReference; lastKnownFileType = sourcecode.swift; path = NetworkManagerTests.swift; sourceTree = "<group>"; };
/* End PBXFileReference section */

/* Begin PBXFrameworksBuildPhase section */
		DE107F8427DBCE98004C66DB /* Frameworks */ = {
			isa = PBXFrameworksBuildPhase;
			buildActionMask = 2147483647;
			files = (
			);
			runOnlyForDeploymentPostprocessing = 0;
		};
		DE107F9A27DBCE9B004C66DB /* Frameworks */ = {
			isa = PBXFrameworksBuildPhase;
			buildActionMask = 2147483647;
			files = (
			);
			runOnlyForDeploymentPostprocessing = 0;
		};
/* End PBXFrameworksBuildPhase section */

/* Begin PBXGroup section */
		DE107F7E27DBCE98004C66DB = {
			isa = PBXGroup;
			children = (
				DE107F8927DBCE98004C66DB /* CandySpaceIOSTechnicalTask */,
				DE107FA027DBCE9B004C66DB /* CandySpaceIOSTechnicalTaskTests */,
				DE107F8827DBCE98004C66DB /* Products */,
			);
			sourceTree = "<group>";
		};
		DE107F8827DBCE98004C66DB /* Products */ = {
			isa = PBXGroup;
			children = (
				DE107F8727DBCE98004C66DB /* CandySpaceIOSTechnicalTask.app */,
				DE107F9D27DBCE9B004C66DB /* CandySpaceIOSTechnicalTaskTests.xctest */,
			);
			name = Products;
			sourceTree = "<group>";
		};
		DE107F8927DBCE98004C66DB /* CandySpaceIOSTechnicalTask */ = {
			isa = PBXGroup;
			children = (
				DE107FEF27DD566D004C66DB /* BaseClasses */,
				DE107FDF27DD0B3C004C66DB /* Model */,
				DE107FD327DCEE55004C66DB /* Error */,
				DE107FEC27DD175E004C66DB /* Repository */,
				DE107FCF27DCE6E4004C66DB /* Network */,
				DE107FBB27DBCF70004C66DB /* Utils */,
				DE107FBA27DBCF4E004C66DB /* Scenes */,
				DE107F8A27DBCE98004C66DB /* AppDelegate.swift */,
				DE107F9327DBCE9B004C66DB /* Assets.xcassets */,
				DE107F9527DBCE9B004C66DB /* LaunchScreen.storyboard */,
				DE107F9827DBCE9B004C66DB /* Info.plist */,
			);
			path = CandySpaceIOSTechnicalTask;
			sourceTree = "<group>";
		};
		DE107FA027DBCE9B004C66DB /* CandySpaceIOSTechnicalTaskTests */ = {
			isa = PBXGroup;
			children = (
				DE107FF827DD7104004C66DB /* Network */,
				DE107FF527DD6BF9004C66DB /* FakeClass */,
				DE107FF227DD68FC004C66DB /* Repository */,
				DE107FD027DCE991004C66DB /* Utils */,
			);
			path = CandySpaceIOSTechnicalTaskTests;
			sourceTree = "<group>";
		};
		DE107FBA27DBCF4E004C66DB /* Scenes */ = {
			isa = PBXGroup;
			children = (
				DE107FBE27DBCFBE004C66DB /* ImagesView */,
				DE107FBD27DBCF95004C66DB /* Search */,
			);
			path = Scenes;
			sourceTree = "<group>";
		};
		DE107FBB27DBCF70004C66DB /* Utils */ = {
			isa = PBXGroup;
			children = (
				DE107FCB27DCDB68004C66DB /* Utils.swift */,
			);
			path = Utils;
			sourceTree = "<group>";
		};
		DE107FBD27DBCF95004C66DB /* Search */ = {
			isa = PBXGroup;
			children = (
				DE107F8E27DBCE98004C66DB /* SearchViewController.swift */,
				DE107FBF27DBD013004C66DB /* SearchViewModel.swift */,
				DE107FC127DBD030004C66DB /* SearchRouter.swift */,
				DE107FC927DCCB9E004C66DB /* SearchViewController.xib */,
			);
			path = Search;
			sourceTree = "<group>";
		};
		DE107FBE27DBCFBE004C66DB /* ImagesView */ = {
			isa = PBXGroup;
			children = (
				DE107FC327DBD093004C66DB /* ImagesViewController.swift */,
				DE107FC527DBD09D004C66DB /* ImagesViewModel.swift */,
				DE107FC727DBD0AC004C66DB /* ImagesRouter.swift */,
			);
			path = ImagesView;
			sourceTree = "<group>";
		};
		DE107FCF27DCE6E4004C66DB /* Network */ = {
			isa = PBXGroup;
			children = (
				DE107FE927DD173F004C66DB /* apiOperations */,
				DE107FCD27DCDC56004C66DB /* NetworkManager.swift */,
				DE107FD927DCF94C004C66DB /* QueueManager.swift */,
				DE107FDB27DCFA77004C66DB /* NetworkOperation.swift */,
			);
			path = Network;
			sourceTree = "<group>";
		};
		DE107FD027DCE991004C66DB /* Utils */ = {
			isa = PBXGroup;
			children = (
				DE107FD127DCE9C5004C66DB /* UtilsTests.swift */,
			);
			path = Utils;
			sourceTree = "<group>";
		};
		DE107FD327DCEE55004C66DB /* Error */ = {
			isa = PBXGroup;
			children = (
				DE107FD427DCEE61004C66DB /* NetworkError.swift */,
				DE107FD627DCEEED004C66DB /* ErrorMessages.swift */,
			);
			path = Error;
			sourceTree = "<group>";
		};
		DE107FDF27DD0B3C004C66DB /* Model */ = {
			isa = PBXGroup;
			children = (
				DE107FE027DD0B61004C66DB /* SearchResults.swift */,
				DE107FE227DD0D17004C66DB /* Hit.swift */,
			);
			path = Model;
			sourceTree = "<group>";
		};
		DE107FE927DD173F004C66DB /* apiOperations */ = {
			isa = PBXGroup;
			children = (
				DE107FEA27DD173F004C66DB /* SearchAPIOperation.swift */,
			);
			path = apiOperations;
			sourceTree = "<group>";
		};
		DE107FEC27DD175E004C66DB /* Repository */ = {
			isa = PBXGroup;
			children = (
				DE107FED27DD178C004C66DB /* SearchRepository.swift */,
			);
			path = Repository;
			sourceTree = "<group>";
		};
		DE107FEF27DD566D004C66DB /* BaseClasses */ = {
			isa = PBXGroup;
			children = (
				DE107FF027DD5679004C66DB /* ViewModel.swift */,
			);
			path = BaseClasses;
			sourceTree = "<group>";
		};
		DE107FF227DD68FC004C66DB /* Repository */ = {
			isa = PBXGroup;
			children = (
				DE107FF327DD6910004C66DB /* SearchRepositoryTests.swift */,
			);
			path = Repository;
			sourceTree = "<group>";
		};
		DE107FF527DD6BF9004C66DB /* FakeClass */ = {
			isa = PBXGroup;
			children = (
				DE107FF627DD6C0C004C66DB /* FakeNetworkManager.swift */,
			);
			path = FakeClass;
			sourceTree = "<group>";
		};
		DE107FF827DD7104004C66DB /* Network */ = {
			isa = PBXGroup;
			children = (
				DE107FF927DD7115004C66DB /* NetworkManagerTests.swift */,
			);
			path = Network;
			sourceTree = "<group>";
		};
/* End PBXGroup section */

/* Begin PBXNativeTarget section */
		DE107F8627DBCE98004C66DB /* CandySpaceIOSTechnicalTask */ = {
			isa = PBXNativeTarget;
			buildConfigurationList = DE107FB127DBCE9B004C66DB /* Build configuration list for PBXNativeTarget "CandySpaceIOSTechnicalTask" */;
			buildPhases = (
				DE107F8327DBCE98004C66DB /* Sources */,
				DE107F8427DBCE98004C66DB /* Frameworks */,
				DE107F8527DBCE98004C66DB /* Resources */,
			);
			buildRules = (
			);
			dependencies = (
			);
			name = CandySpaceIOSTechnicalTask;
			productName = CandySpaceIOSTechnicalTask;
			productReference = DE107F8727DBCE98004C66DB /* CandySpaceIOSTechnicalTask.app */;
			productType = "com.apple.product-type.application";
		};
		DE107F9C27DBCE9B004C66DB /* CandySpaceIOSTechnicalTaskTests */ = {
			isa = PBXNativeTarget;
			buildConfigurationList = DE107FB427DBCE9B004C66DB /* Build configuration list for PBXNativeTarget "CandySpaceIOSTechnicalTaskTests" */;
			buildPhases = (
				DE107F9927DBCE9B004C66DB /* Sources */,
				DE107F9A27DBCE9B004C66DB /* Frameworks */,
				DE107F9B27DBCE9B004C66DB /* Resources */,
			);
			buildRules = (
			);
			dependencies = (
				DE107F9F27DBCE9B004C66DB /* PBXTargetDependency */,
			);
			name = CandySpaceIOSTechnicalTaskTests;
			productName = CandySpaceIOSTechnicalTaskTests;
			productReference = DE107F9D27DBCE9B004C66DB /* CandySpaceIOSTechnicalTaskTests.xctest */;
			productType = "com.apple.product-type.bundle.unit-test";
		};
/* End PBXNativeTarget section */

/* Begin PBXProject section */
		DE107F7F27DBCE98004C66DB /* Project object */ = {
			isa = PBXProject;
			attributes = {
				BuildIndependentTargetsInParallel = 1;
				LastSwiftUpdateCheck = 1320;
				LastUpgradeCheck = 1320;
				TargetAttributes = {
					DE107F8627DBCE98004C66DB = {
						CreatedOnToolsVersion = 13.2.1;
					};
					DE107F9C27DBCE9B004C66DB = {
						CreatedOnToolsVersion = 13.2.1;
						TestTargetID = DE107F8627DBCE98004C66DB;
					};
				};
			};
			buildConfigurationList = DE107F8227DBCE98004C66DB /* Build configuration list for PBXProject "CandySpaceIOSTechnicalTask" */;
			compatibilityVersion = "Xcode 13.0";
			developmentRegion = en;
			hasScannedForEncodings = 0;
			knownRegions = (
				en,
				Base,
			);
			mainGroup = DE107F7E27DBCE98004C66DB;
			productRefGroup = DE107F8827DBCE98004C66DB /* Products */;
			projectDirPath = "";
			projectRoot = "";
			targets = (
				DE107F8627DBCE98004C66DB /* CandySpaceIOSTechnicalTask */,
				DE107F9C27DBCE9B004C66DB /* CandySpaceIOSTechnicalTaskTests */,
			);
		};
/* End PBXProject section */

/* Begin PBXResourcesBuildPhase section */
		DE107F8527DBCE98004C66DB /* Resources */ = {
			isa = PBXResourcesBuildPhase;
			buildActionMask = 2147483647;
			files = (
				DE107F9727DBCE9B004C66DB /* LaunchScreen.storyboard in Resources */,
				DE107F9427DBCE9B004C66DB /* Assets.xcassets in Resources */,
				DE107FCA27DCCB9E004C66DB /* SearchViewController.xib in Resources */,
			);
			runOnlyForDeploymentPostprocessing = 0;
		};
		DE107F9B27DBCE9B004C66DB /* Resources */ = {
			isa = PBXResourcesBuildPhase;
			buildActionMask = 2147483647;
			files = (
			);
			runOnlyForDeploymentPostprocessing = 0;
		};
/* End PBXResourcesBuildPhase section */

/* Begin PBXSourcesBuildPhase section */
		DE107F8327DBCE98004C66DB /* Sources */ = {
			isa = PBXSourcesBuildPhase;
			buildActionMask = 2147483647;
			files = (
				DE107FC427DBD093004C66DB /* ImagesViewController.swift in Sources */,
				DE107F8F27DBCE98004C66DB /* SearchViewController.swift in Sources */,
				DE107FEB27DD173F004C66DB /* SearchAPIOperation.swift in Sources */,
				DE107FCE27DCDC56004C66DB /* NetworkManager.swift in Sources */,
				DE107FCC27DCDB68004C66DB /* Utils.swift in Sources */,
				DE107FC227DBD030004C66DB /* SearchRouter.swift in Sources */,
				DE107FDA27DCF94C004C66DB /* QueueManager.swift in Sources */,
				DE107FE127DD0B61004C66DB /* SearchResults.swift in Sources */,
				DE107FDC27DCFA77004C66DB /* NetworkOperation.swift in Sources */,
				DE107F8B27DBCE98004C66DB /* AppDelegate.swift in Sources */,
				DE107FC827DBD0AC004C66DB /* ImagesRouter.swift in Sources */,
				DE107FF127DD5679004C66DB /* ViewModel.swift in Sources */,
				DE107FE327DD0D17004C66DB /* Hit.swift in Sources */,
				DE107FC027DBD013004C66DB /* SearchViewModel.swift in Sources */,
				DE107FD727DCEEED004C66DB /* ErrorMessages.swift in Sources */,
				DE107FEE27DD178C004C66DB /* SearchRepository.swift in Sources */,
				DE107FD527DCEE61004C66DB /* NetworkError.swift in Sources */,
				DE107FC627DBD09D004C66DB /* ImagesViewModel.swift in Sources */,
			);
			runOnlyForDeploymentPostprocessing = 0;
		};
		DE107F9927DBCE9B004C66DB /* Sources */ = {
			isa = PBXSourcesBuildPhase;
			buildActionMask = 2147483647;
			files = (
				DE107FFA27DD7115004C66DB /* NetworkManagerTests.swift in Sources */,
				DE107FD227DCE9C5004C66DB /* UtilsTests.swift in Sources */,
				DE107FF427DD6910004C66DB /* SearchRepositoryTests.swift in Sources */,
				DE107FF727DD6C0C004C66DB /* FakeNetworkManager.swift in Sources */,
			);
			runOnlyForDeploymentPostprocessing = 0;
		};
/* End PBXSourcesBuildPhase section */

/* Begin PBXTargetDependency section */
		DE107F9F27DBCE9B004C66DB /* PBXTargetDependency */ = {
			isa = PBXTargetDependency;
			target = DE107F8627DBCE98004C66DB /* CandySpaceIOSTechnicalTask */;
			targetProxy = DE107F9E27DBCE9B004C66DB /* PBXContainerItemProxy */;
		};
/* End PBXTargetDependency section */

/* Begin PBXVariantGroup section */
		DE107F9527DBCE9B004C66DB /* LaunchScreen.storyboard */ = {
			isa = PBXVariantGroup;
			children = (
				DE107F9627DBCE9B004C66DB /* Base */,
			);
			name = LaunchScreen.storyboard;
			sourceTree = "<group>";
		};
/* End PBXVariantGroup section */

/* Begin XCBuildConfiguration section */
		DE107FAF27DBCE9B004C66DB /* Debug */ = {
			isa = XCBuildConfiguration;
			buildSettings = {
				ALWAYS_SEARCH_USER_PATHS = NO;
				API_BASE_URL = "https://pixabay.com/api/";
				API_KEY = "13197033-03eec42c293d2323112b4cca6";
				CLANG_ANALYZER_NONNULL = YES;
				CLANG_ANALYZER_NUMBER_OBJECT_CONVERSION = YES_AGGRESSIVE;
				CLANG_CXX_LANGUAGE_STANDARD = "gnu++17";
				CLANG_CXX_LIBRARY = "libc++";
				CLANG_ENABLE_MODULES = YES;
				CLANG_ENABLE_OBJC_ARC = YES;
				CLANG_ENABLE_OBJC_WEAK = YES;
				CLANG_WARN_BLOCK_CAPTURE_AUTORELEASING = YES;
				CLANG_WARN_BOOL_CONVERSION = YES;
				CLANG_WARN_COMMA = YES;
				CLANG_WARN_CONSTANT_CONVERSION = YES;
				CLANG_WARN_DEPRECATED_OBJC_IMPLEMENTATIONS = YES;
				CLANG_WARN_DIRECT_OBJC_ISA_USAGE = YES_ERROR;
				CLANG_WARN_DOCUMENTATION_COMMENTS = YES;
				CLANG_WARN_EMPTY_BODY = YES;
				CLANG_WARN_ENUM_CONVERSION = YES;
				CLANG_WARN_INFINITE_RECURSION = YES;
				CLANG_WARN_INT_CONVERSION = YES;
				CLANG_WARN_NON_LITERAL_NULL_CONVERSION = YES;
				CLANG_WARN_OBJC_IMPLICIT_RETAIN_SELF = YES;
				CLANG_WARN_OBJC_LITERAL_CONVERSION = YES;
				CLANG_WARN_OBJC_ROOT_CLASS = YES_ERROR;
				CLANG_WARN_QUOTED_INCLUDE_IN_FRAMEWORK_HEADER = YES;
				CLANG_WARN_RANGE_LOOP_ANALYSIS = YES;
				CLANG_WARN_STRICT_PROTOTYPES = YES;
				CLANG_WARN_SUSPICIOUS_MOVE = YES;
				CLANG_WARN_UNGUARDED_AVAILABILITY = YES_AGGRESSIVE;
				CLANG_WARN_UNREACHABLE_CODE = YES;
				CLANG_WARN__DUPLICATE_METHOD_MATCH = YES;
				COPY_PHASE_STRIP = NO;
				DEBUG_INFORMATION_FORMAT = dwarf;
				ENABLE_STRICT_OBJC_MSGSEND = YES;
				ENABLE_TESTABILITY = YES;
				GCC_C_LANGUAGE_STANDARD = gnu11;
				GCC_DYNAMIC_NO_PIC = NO;
				GCC_NO_COMMON_BLOCKS = YES;
				GCC_OPTIMIZATION_LEVEL = 0;
				GCC_PREPROCESSOR_DEFINITIONS = (
					"DEBUG=1",
					"$(inherited)",
				);
				GCC_WARN_64_TO_32_BIT_CONVERSION = YES;
				GCC_WARN_ABOUT_RETURN_TYPE = YES_ERROR;
				GCC_WARN_UNDECLARED_SELECTOR = YES;
				GCC_WARN_UNINITIALIZED_AUTOS = YES_AGGRESSIVE;
				GCC_WARN_UNUSED_FUNCTION = YES;
				GCC_WARN_UNUSED_VARIABLE = YES;
				IPHONEOS_DEPLOYMENT_TARGET = 12.0;
				MTL_ENABLE_DEBUG_INFO = INCLUDE_SOURCE;
				MTL_FAST_MATH = YES;
				ONLY_ACTIVE_ARCH = YES;
				SDKROOT = iphoneos;
				SWIFT_ACTIVE_COMPILATION_CONDITIONS = DEBUG;
				SWIFT_OPTIMIZATION_LEVEL = "-Onone";
			};
			name = Debug;
		};
		DE107FB027DBCE9B004C66DB /* Release */ = {
			isa = XCBuildConfiguration;
			buildSettings = {
				ALWAYS_SEARCH_USER_PATHS = NO;
				API_BASE_URL = "https://pixabay.com/api/";
				API_KEY = "13197033-03eec42c293d2323112b4cca6";
				CLANG_ANALYZER_NONNULL = YES;
				CLANG_ANALYZER_NUMBER_OBJECT_CONVERSION = YES_AGGRESSIVE;
				CLANG_CXX_LANGUAGE_STANDARD = "gnu++17";
				CLANG_CXX_LIBRARY = "libc++";
				CLANG_ENABLE_MODULES = YES;
				CLANG_ENABLE_OBJC_ARC = YES;
				CLANG_ENABLE_OBJC_WEAK = YES;
				CLANG_WARN_BLOCK_CAPTURE_AUTORELEASING = YES;
				CLANG_WARN_BOOL_CONVERSION = YES;
				CLANG_WARN_COMMA = YES;
				CLANG_WARN_CONSTANT_CONVERSION = YES;
				CLANG_WARN_DEPRECATED_OBJC_IMPLEMENTATIONS = YES;
				CLANG_WARN_DIRECT_OBJC_ISA_USAGE = YES_ERROR;
				CLANG_WARN_DOCUMENTATION_COMMENTS = YES;
				CLANG_WARN_EMPTY_BODY = YES;
				CLANG_WARN_ENUM_CONVERSION = YES;
				CLANG_WARN_INFINITE_RECURSION = YES;
				CLANG_WARN_INT_CONVERSION = YES;
				CLANG_WARN_NON_LITERAL_NULL_CONVERSION = YES;
				CLANG_WARN_OBJC_IMPLICIT_RETAIN_SELF = YES;
				CLANG_WARN_OBJC_LITERAL_CONVERSION = YES;
				CLANG_WARN_OBJC_ROOT_CLASS = YES_ERROR;
				CLANG_WARN_QUOTED_INCLUDE_IN_FRAMEWORK_HEADER = YES;
				CLANG_WARN_RANGE_LOOP_ANALYSIS = YES;
				CLANG_WARN_STRICT_PROTOTYPES = YES;
				CLANG_WARN_SUSPICIOUS_MOVE = YES;
				CLANG_WARN_UNGUARDED_AVAILABILITY = YES_AGGRESSIVE;
				CLANG_WARN_UNREACHABLE_CODE = YES;
				CLANG_WARN__DUPLICATE_METHOD_MATCH = YES;
				COPY_PHASE_STRIP = NO;
				DEBUG_INFORMATION_FORMAT = "dwarf-with-dsym";
				ENABLE_NS_ASSERTIONS = NO;
				ENABLE_STRICT_OBJC_MSGSEND = YES;
				GCC_C_LANGUAGE_STANDARD = gnu11;
				GCC_NO_COMMON_BLOCKS = YES;
				GCC_WARN_64_TO_32_BIT_CONVERSION = YES;
				GCC_WARN_ABOUT_RETURN_TYPE = YES_ERROR;
				GCC_WARN_UNDECLARED_SELECTOR = YES;
				GCC_WARN_UNINITIALIZED_AUTOS = YES_AGGRESSIVE;
				GCC_WARN_UNUSED_FUNCTION = YES;
				GCC_WARN_UNUSED_VARIABLE = YES;
				IPHONEOS_DEPLOYMENT_TARGET = 12.0;
				MTL_ENABLE_DEBUG_INFO = NO;
				MTL_FAST_MATH = YES;
				SDKROOT = iphoneos;
				SWIFT_COMPILATION_MODE = wholemodule;
				SWIFT_OPTIMIZATION_LEVEL = "-O";
				VALIDATE_PRODUCT = YES;
			};
			name = Release;
		};
		DE107FB227DBCE9B004C66DB /* Debug */ = {
			isa = XCBuildConfiguration;
			buildSettings = {
				ASSETCATALOG_COMPILER_APPICON_NAME = AppIcon;
				ASSETCATALOG_COMPILER_GLOBAL_ACCENT_COLOR_NAME = AccentColor;
				CODE_SIGN_STYLE = Automatic;
				CURRENT_PROJECT_VERSION = 1;
				DEVELOPMENT_TEAM = 57JYPKMJ3X;
				GENERATE_INFOPLIST_FILE = YES;
				INFOPLIST_FILE = CandySpaceIOSTechnicalTask/Info.plist;
				INFOPLIST_KEY_UIApplicationSupportsIndirectInputEvents = YES;
				INFOPLIST_KEY_UILaunchStoryboardName = LaunchScreen;
				INFOPLIST_KEY_UISupportedInterfaceOrientations = UIInterfaceOrientationPortrait;
				INFOPLIST_KEY_UISupportedInterfaceOrientations_iPad = "UIInterfaceOrientationPortrait UIInterfaceOrientationPortraitUpsideDown UIInterfaceOrientationLandscapeLeft UIInterfaceOrientationLandscapeRight";
				INFOPLIST_KEY_UISupportedInterfaceOrientations_iPhone = "UIInterfaceOrientationPortrait UIInterfaceOrientationLandscapeLeft UIInterfaceOrientationLandscapeRight";
				LD_RUNPATH_SEARCH_PATHS = (
					"$(inherited)",
					"@executable_path/Frameworks",
				);
				MARKETING_VERSION = 1.0;
				PRODUCT_BUNDLE_IDENTIFIER = com.yorkcoding.CandySpaceIOSTechnicalTask;
				PRODUCT_NAME = "$(TARGET_NAME)";
				SWIFT_EMIT_LOC_STRINGS = YES;
				SWIFT_VERSION = 5.0;
				TARGETED_DEVICE_FAMILY = 1;
			};
			name = Debug;
		};
		DE107FB327DBCE9B004C66DB /* Release */ = {
			isa = XCBuildConfiguration;
			buildSettings = {
				ASSETCATALOG_COMPILER_APPICON_NAME = AppIcon;
				ASSETCATALOG_COMPILER_GLOBAL_ACCENT_COLOR_NAME = AccentColor;
				CODE_SIGN_STYLE = Automatic;
				CURRENT_PROJECT_VERSION = 1;
				DEVELOPMENT_TEAM = 57JYPKMJ3X;
				GENERATE_INFOPLIST_FILE = YES;
				INFOPLIST_FILE = CandySpaceIOSTechnicalTask/Info.plist;
				INFOPLIST_KEY_UIApplicationSupportsIndirectInputEvents = YES;
				INFOPLIST_KEY_UILaunchStoryboardName = LaunchScreen;
				INFOPLIST_KEY_UISupportedInterfaceOrientations = UIInterfaceOrientationPortrait;
				INFOPLIST_KEY_UISupportedInterfaceOrientations_iPad = "UIInterfaceOrientationPortrait UIInterfaceOrientationPortraitUpsideDown UIInterfaceOrientationLandscapeLeft UIInterfaceOrientationLandscapeRight";
				INFOPLIST_KEY_UISupportedInterfaceOrientations_iPhone = "UIInterfaceOrientationPortrait UIInterfaceOrientationLandscapeLeft UIInterfaceOrientationLandscapeRight";
				LD_RUNPATH_SEARCH_PATHS = (
					"$(inherited)",
					"@executable_path/Frameworks",
				);
				MARKETING_VERSION = 1.0;
				PRODUCT_BUNDLE_IDENTIFIER = com.yorkcoding.CandySpaceIOSTechnicalTask;
				PRODUCT_NAME = "$(TARGET_NAME)";
				SWIFT_EMIT_LOC_STRINGS = YES;
				SWIFT_VERSION = 5.0;
				TARGETED_DEVICE_FAMILY = 1;
			};
			name = Release;
		};
		DE107FB527DBCE9B004C66DB /* Debug */ = {
			isa = XCBuildConfiguration;
			buildSettings = {
				ALWAYS_EMBED_SWIFT_STANDARD_LIBRARIES = YES;
				BUNDLE_LOADER = "$(TEST_HOST)";
				CODE_SIGN_STYLE = Automatic;
				CURRENT_PROJECT_VERSION = 1;
				DEVELOPMENT_TEAM = 57JYPKMJ3X;
				GENERATE_INFOPLIST_FILE = YES;
				IPHONEOS_DEPLOYMENT_TARGET = 15.2;
				MARKETING_VERSION = 1.0;
				PRODUCT_BUNDLE_IDENTIFIER = com.yorkcoding.CandySpaceIOSTechnicalTaskTests;
				PRODUCT_NAME = "$(TARGET_NAME)";
				SWIFT_EMIT_LOC_STRINGS = NO;
				SWIFT_VERSION = 5.0;
				TARGETED_DEVICE_FAMILY = "1,2";
				TEST_HOST = "$(BUILT_PRODUCTS_DIR)/CandySpaceIOSTechnicalTask.app/CandySpaceIOSTechnicalTask";
			};
			name = Debug;
		};
		DE107FB627DBCE9B004C66DB /* Release */ = {
			isa = XCBuildConfiguration;
			buildSettings = {
				ALWAYS_EMBED_SWIFT_STANDARD_LIBRARIES = YES;
				BUNDLE_LOADER = "$(TEST_HOST)";
				CODE_SIGN_STYLE = Automatic;
				CURRENT_PROJECT_VERSION = 1;
				DEVELOPMENT_TEAM = 57JYPKMJ3X;
				GENERATE_INFOPLIST_FILE = YES;
				IPHONEOS_DEPLOYMENT_TARGET = 15.2;
				MARKETING_VERSION = 1.0;
				PRODUCT_BUNDLE_IDENTIFIER = com.yorkcoding.CandySpaceIOSTechnicalTaskTests;
				PRODUCT_NAME = "$(TARGET_NAME)";
				SWIFT_EMIT_LOC_STRINGS = NO;
				SWIFT_VERSION = 5.0;
				TARGETED_DEVICE_FAMILY = "1,2";
				TEST_HOST = "$(BUILT_PRODUCTS_DIR)/CandySpaceIOSTechnicalTask.app/CandySpaceIOSTechnicalTask";
			};
			name = Release;
		};
/* End XCBuildConfiguration section */

/* Begin XCConfigurationList section */
		DE107F8227DBCE98004C66DB /* Build configuration list for PBXProject "CandySpaceIOSTechnicalTask" */ = {
			isa = XCConfigurationList;
			buildConfigurations = (
				DE107FAF27DBCE9B004C66DB /* Debug */,
				DE107FB027DBCE9B004C66DB /* Release */,
			);
			defaultConfigurationIsVisible = 0;
			defaultConfigurationName = Release;
		};
		DE107FB127DBCE9B004C66DB /* Build configuration list for PBXNativeTarget "CandySpaceIOSTechnicalTask" */ = {
			isa = XCConfigurationList;
			buildConfigurations = (
				DE107FB227DBCE9B004C66DB /* Debug */,
				DE107FB327DBCE9B004C66DB /* Release */,
			);
			defaultConfigurationIsVisible = 0;
			defaultConfigurationName = Release;
		};
		DE107FB427DBCE9B004C66DB /* Build configuration list for PBXNativeTarget "CandySpaceIOSTechnicalTaskTests" */ = {
			isa = XCConfigurationList;
			buildConfigurations = (
				DE107FB527DBCE9B004C66DB /* Debug */,
				DE107FB627DBCE9B004C66DB /* Release */,
			);
			defaultConfigurationIsVisible = 0;
			defaultConfigurationName = Release;
		};
/* End XCConfigurationList section */
	};
	rootObject = DE107F7F27DBCE98004C66DB /* Project object */;
}
